
Microsoft Visual Studio Solution File, Format Version 12.00
# Visual Studio Version 16
VisualStudioVersion = 16.0.29230.47
MinimumVisualStudioVersion = 10.0.40219.1
Project("{FAE04EC0-301F-11D3-BF4B-00C04F79EFBC}") = "AdoNET", "AdoNET\AdoNET.csproj", "{6C4824A0-42C3-4D45-8380-A8EB19D8447B}"
EndProject
Global
	GlobalSection(SolutionConfigurationPlatforms) = preSolution
		Debug|Any CPU = Debug|Any CPU
		Release|Any CPU = Release|Any CPU
	EndGlobalSection
	GlobalSection(ProjectConfigurationPlatforms) = postSolution
		{6C4824A0-42C3-4D45-8380-A8EB19D8447B}.Debug|Any CPU.ActiveCfg = Debug|Any CPU
		{6C4824A0-42C3-4D45-8380-A8EB19D8447B}.Debug|Any CPU.Build.0 = Debug|Any CPU
		{6C4824A0-42C3-4D45-8380-A8EB19D8447B}.Release|Any CPU.ActiveCfg = Release|Any CPU
		{6C4824A0-42C3-4D45-8380-A8EB19D8447B}.Release|Any CPU.Build.0 = Release|Any CPU
	EndGlobalSection
	GlobalSection(SolutionProperties) = preSolution
		HideSolutionNode = FALSE
	EndGlobalSection
	GlobalSection(ExtensibilityGlobals) = postSolution
		SolutionGuid = {3B224889-E701-4E9F-8C17-02D5DC2D6DD1}
	EndGlobalSection
EndGlobal
